
Microsoft Visual Studio Solution File, Format Version 12.00
Project("{FAE04EC0-301F-11D3-BF4B-00C04F79EFBC}") = "CSharpFeatures", "CSharpFeatures\CSharpFeatures.csproj", "{8C73311E-ED0A-4380-8B58-151305F6C357}"
EndProject
Project("{FAE04EC0-301F-11D3-BF4B-00C04F79EFBC}") = "CSharpFeatures.Tests", "CSharpFeatures.Tests\CSharpFeatures.Tests.csproj", "{6FAC2B25-77F8-4ADF-9F83-F7F9CB48FAED}"
EndProject
Global
	GlobalSection(SolutionConfigurationPlatforms) = preSolution
		Debug|Any CPU = Debug|Any CPU
		Release|Any CPU = Release|Any CPU
	EndGlobalSection
	GlobalSection(ProjectConfigurationPlatforms) = postSolution
		{8C73311E-ED0A-4380-8B58-151305F6C357}.Debug|Any CPU.ActiveCfg = Debug|Any CPU
		{8C73311E-ED0A-4380-8B58-151305F6C357}.Debug|Any CPU.Build.0 = Debug|Any CPU
		{8C73311E-ED0A-4380-8B58-151305F6C357}.Release|Any CPU.ActiveCfg = Release|Any CPU
		{8C73311E-ED0A-4380-8B58-151305F6C357}.Release|Any CPU.Build.0 = Release|Any CPU
		{6FAC2B25-77F8-4ADF-9F83-F7F9CB48FAED}.Debug|Any CPU.ActiveCfg = Debug|Any CPU
		{6FAC2B25-77F8-4ADF-9F83-F7F9CB48FAED}.Debug|Any CPU.Build.0 = Debug|Any CPU
		{6FAC2B25-77F8-4ADF-9F83-F7F9CB48FAED}.Release|Any CPU.ActiveCfg = Release|Any CPU
		{6FAC2B25-77F8-4ADF-9F83-F7F9CB48FAED}.Release|Any CPU.Build.0 = Release|Any CPU
	EndGlobalSection
EndGlobal
